{
  "version": 4,
  "terraform_version": "0.13.5",
  "serial": 27,
  "lineage": "102a3f70-1e63-1bd8-091f-231f77c900c1",
  "outputs": {
    "resource_group_name": {
      "value": "rg-CP-Test-",
      "type": "string"
    }
  },
  "resources": [
    {
      "mode": "managed",
      "type": "azurerm_network_interface",
      "name": "CP_Test_nic",
      "provider": "provider[\"registry.terraform.io/hashicorp/azurerm\"]",
      "instances": [
        {
          "schema_version": 0,
          "attributes": {
            "applied_dns_servers": [],
            "dns_servers": [],
            "enable_accelerated_networking": false,
            "enable_ip_forwarding": false,
            "id": "/subscriptions/e417c03f-0c1f-4f8c-9efd-071c434d8cae/resourceGroups/rg-CP-Test-/providers/Microsoft.Network/networkInterfaces/CP-Test-NIC",
            "internal_dns_name_label": "",
            "internal_domain_name_suffix": "ok4juf5ovbgudc4s0lvuhqyv3d.dx.internal.cloudapp.net",
            "ip_configuration": [
              {
                "gateway_load_balancer_frontend_ip_configuration_id": "",
                "name": "CP_Test_nic_configuration",
                "primary": true,
                "private_ip_address": "10.240.1.4",
                "private_ip_address_allocation": "Dynamic",
                "private_ip_address_version": "IPv4",
                "public_ip_address_id": "/subscriptions/e417c03f-0c1f-4f8c-9efd-071c434d8cae/resourceGroups/rg-CP-Test-/providers/Microsoft.Network/publicIPAddresses/CP-Test-PublicIP",
                "subnet_id": "/subscriptions/e417c03f-0c1f-4f8c-9efd-071c434d8cae/resourceGroups/rg-CP-Test-/providers/Microsoft.Network/virtualNetworks/CP-Test-Vnet/subnets/CP-Test-Subnet"
              }
            ],
            "location": "westus",
            "mac_address": "00-0D-3A-5B-EA-48",
            "name": "CP-Test-NIC",
            "private_ip_address": "10.240.1.4",
            "private_ip_addresses": [
              "10.240.1.4"
            ],
            "resource_group_name": "rg-CP-Test-",
            "tags": {},
            "timeouts": null,
            "virtual_machine_id": "/subscriptions/e417c03f-0c1f-4f8c-9efd-071c434d8cae/resourceGroups/rg-CP-Test-/providers/Microsoft.Compute/virtualMachines/CP-Test-VM"
          },
          "private": "eyJlMmJmYjczMC1lY2FhLTExZTYtOGY4OC0zNDM2M2JjN2M0YzAiOnsiY3JlYXRlIjoxODAwMDAwMDAwMDAwLCJkZWxldGUiOjE4MDAwMDAwMDAwMDAsInJlYWQiOjMwMDAwMDAwMDAwMCwidXBkYXRlIjoxODAwMDAwMDAwMDAwfX0=",
          "dependencies": [
            "azurerm_public_ip.CP_Test_public_ip",
            "azurerm_resource_group.rg",
            "azurerm_subnet.CP_Test_subnet",
            "azurerm_virtual_network.CP_Test_network",
            "random_pet.rg_name"
          ]
        }
      ]
    },
    {
      "mode": "managed",
      "type": "azurerm_network_interface_security_group_association",
      "name": "example",
      "provider": "provider[\"registry.terraform.io/hashicorp/azurerm\"]",
      "instances": [
        {
          "schema_version": 0,
          "attributes": {
            "id": "/subscriptions/e417c03f-0c1f-4f8c-9efd-071c434d8cae/resourceGroups/rg-CP-Test-/providers/Microsoft.Network/networkInterfaces/CP-Test-NIC|/subscriptions/e417c03f-0c1f-4f8c-9efd-071c434d8cae/resourceGroups/rg-CP-Test-/providers/Microsoft.Network/networkSecurityGroups/CP-Test-NetworkSecurityGroup",
            "network_interface_id": "/subscriptions/e417c03f-0c1f-4f8c-9efd-071c434d8cae/resourceGroups/rg-CP-Test-/providers/Microsoft.Network/networkInterfaces/CP-Test-NIC",
            "network_security_group_id": "/subscriptions/e417c03f-0c1f-4f8c-9efd-071c434d8cae/resourceGroups/rg-CP-Test-/providers/Microsoft.Network/networkSecurityGroups/CP-Test-NetworkSecurityGroup",
            "timeouts": null
          }
        }
      ]
    },
    {
      "mode": "managed",
      "type": "azurerm_network_security_group",
      "name": "CP_Test_nsg",
      "provider": "provider[\"registry.terraform.io/hashicorp/azurerm\"]",
      "instances": [
        {
          "schema_version": 0,
          "attributes": {
            "id": "/subscriptions/e417c03f-0c1f-4f8c-9efd-071c434d8cae/resourceGroups/rg-CP-Test-/providers/Microsoft.Network/networkSecurityGroups/CP-Test-NetworkSecurityGroup",
            "location": "westus",
            "name": "CP-Test-NetworkSecurityGroup",
            "resource_group_name": "rg-CP-Test-",
            "security_rule": [
              {
                "access": "Allow",
                "description": "",
                "destination_address_prefix": "*",
                "destination_address_prefixes": [],
                "destination_application_security_group_ids": [],
                "destination_port_range": "22",
                "destination_port_ranges": [],
                "direction": "Inbound",
                "name": "SSH",
                "priority": 1001,
                "protocol": "Tcp",
                "source_address_prefix": "*",
                "source_address_prefixes": [],
                "source_application_security_group_ids": [],
                "source_port_range": "*",
                "source_port_ranges": []
              }
            ],
            "tags": {},
            "timeouts": null
          },
          "private": "eyJlMmJmYjczMC1lY2FhLTExZTYtOGY4OC0zNDM2M2JjN2M0YzAiOnsiY3JlYXRlIjoxODAwMDAwMDAwMDAwLCJkZWxldGUiOjE4MDAwMDAwMDAwMDAsInJlYWQiOjMwMDAwMDAwMDAwMCwidXBkYXRlIjoxODAwMDAwMDAwMDAwfX0=",
          "dependencies": [
            "azurerm_resource_group.rg",
            "random_pet.rg_name"
          ]
        }
      ]
    },
    {
      "mode": "managed",
      "type": "azurerm_public_ip",
      "name": "CP_Test_public_ip",
      "provider": "provider[\"registry.terraform.io/hashicorp/azurerm\"]",
      "instances": [
        {
          "schema_version": 0,
          "attributes": {
            "allocation_method": "Dynamic",
            "availability_zone": "No-Zone",
            "domain_name_label": null,
            "fqdn": null,
            "id": "/subscriptions/e417c03f-0c1f-4f8c-9efd-071c434d8cae/resourceGroups/rg-CP-Test-/providers/Microsoft.Network/publicIPAddresses/CP-Test-PublicIP",
            "idle_timeout_in_minutes": 4,
            "ip_address": "20.66.120.220",
            "ip_tags": {},
            "ip_version": "IPv4",
            "location": "westus",
            "name": "CP-Test-PublicIP",
            "public_ip_prefix_id": null,
            "resource_group_name": "rg-CP-Test-",
            "reverse_fqdn": null,
            "sku": "Basic",
            "sku_tier": "Regional",
            "tags": {},
            "timeouts": null,
            "zones": []
          },
          "private": "eyJlMmJmYjczMC1lY2FhLTExZTYtOGY4OC0zNDM2M2JjN2M0YzAiOnsiY3JlYXRlIjoxODAwMDAwMDAwMDAwLCJkZWxldGUiOjE4MDAwMDAwMDAwMDAsInJlYWQiOjMwMDAwMDAwMDAwMCwidXBkYXRlIjoxODAwMDAwMDAwMDAwfX0=",
          "dependencies": [
            "azurerm_resource_group.rg",
            "random_pet.rg_name"
          ]
        }
      ]
    },
    {
      "mode": "managed",
      "type": "azurerm_resource_group",
      "name": "rg",
      "provider": "provider[\"registry.terraform.io/hashicorp/azurerm\"]",
      "instances": [
        {
          "schema_version": 0,
          "attributes": {
            "id": "/subscriptions/e417c03f-0c1f-4f8c-9efd-071c434d8cae/resourceGroups/rg-CP-Test-",
            "location": "westus",
            "name": "rg-CP-Test-",
            "tags": {},
            "timeouts": null
          },
          "private": "eyJlMmJmYjczMC1lY2FhLTExZTYtOGY4OC0zNDM2M2JjN2M0YzAiOnsiY3JlYXRlIjo1NDAwMDAwMDAwMDAwLCJkZWxldGUiOjU0MDAwMDAwMDAwMDAsInJlYWQiOjMwMDAwMDAwMDAwMCwidXBkYXRlIjo1NDAwMDAwMDAwMDAwfX0=",
          "dependencies": [
            "random_pet.rg_name"
          ]
        }
      ]
    },
    {
      "mode": "managed",
      "type": "azurerm_subnet",
      "name": "CP_Test_subnet",
      "provider": "provider[\"registry.terraform.io/hashicorp/azurerm\"]",
      "instances": [
        {
          "schema_version": 0,
          "attributes": {
            "address_prefix": "10.240.1.0/24",
            "address_prefixes": [
              "10.240.1.0/24"
            ],
            "delegation": [],
            "enforce_private_link_endpoint_network_policies": false,
            "enforce_private_link_service_network_policies": false,
            "id": "/subscriptions/e417c03f-0c1f-4f8c-9efd-071c434d8cae/resourceGroups/rg-CP-Test-/providers/Microsoft.Network/virtualNetworks/CP-Test-Vnet/subnets/CP-Test-Subnet",
            "name": "CP-Test-Subnet",
            "resource_group_name": "rg-CP-Test-",
            "service_endpoint_policy_ids": [],
            "service_endpoints": [],
            "timeouts": null,
            "virtual_network_name": "CP-Test-Vnet"
          },
          "private": "eyJlMmJmYjczMC1lY2FhLTExZTYtOGY4OC0zNDM2M2JjN2M0YzAiOnsiY3JlYXRlIjoxODAwMDAwMDAwMDAwLCJkZWxldGUiOjE4MDAwMDAwMDAwMDAsInJlYWQiOjMwMDAwMDAwMDAwMCwidXBkYXRlIjoxODAwMDAwMDAwMDAwfX0=",
          "dependencies": [
            "azurerm_resource_group.rg",
            "azurerm_virtual_network.CP_Test_network",
            "random_pet.rg_name"
          ]
        }
      ]
    },
    {
      "mode": "managed",
      "type": "azurerm_virtual_network",
      "name": "CP_Test_network",
      "provider": "provider[\"registry.terraform.io/hashicorp/azurerm\"]",
      "instances": [
        {
          "schema_version": 0,
          "attributes": {
            "address_space": [
              "10.240.0.0/16"
            ],
            "bgp_community": "",
            "ddos_protection_plan": [],
            "dns_servers": [],
            "flow_timeout_in_minutes": 0,
            "guid": "179abc72-a8ee-414d-8bd2-d2eb43c315eb",
            "id": "/subscriptions/e417c03f-0c1f-4f8c-9efd-071c434d8cae/resourceGroups/rg-CP-Test-/providers/Microsoft.Network/virtualNetworks/CP-Test-Vnet",
            "location": "westus",
            "name": "CP-Test-Vnet",
            "resource_group_name": "rg-CP-Test-",
            "subnet": [
              {
                "address_prefix": "10.240.1.0/24",
                "id": "/subscriptions/e417c03f-0c1f-4f8c-9efd-071c434d8cae/resourceGroups/rg-CP-Test-/providers/Microsoft.Network/virtualNetworks/CP-Test-Vnet/subnets/CP-Test-Subnet",
                "name": "CP-Test-Subnet",
                "security_group": ""
              }
            ],
            "tags": {},
            "timeouts": null,
            "vm_protection_enabled": false
          },
          "private": "eyJlMmJmYjczMC1lY2FhLTExZTYtOGY4OC0zNDM2M2JjN2M0YzAiOnsiY3JlYXRlIjoxODAwMDAwMDAwMDAwLCJkZWxldGUiOjE4MDAwMDAwMDAwMDAsInJlYWQiOjMwMDAwMDAwMDAwMCwidXBkYXRlIjoxODAwMDAwMDAwMDAwfX0=",
          "dependencies": [
            "azurerm_resource_group.rg",
            "random_pet.rg_name"
          ]
        }
      ]
    },
    {
      "mode": "managed",
      "type": "random_pet",
      "name": "rg_name",
      "provider": "provider[\"registry.terraform.io/hashicorp/random\"]",
      "instances": [
        {
          "schema_version": 0,
          "attributes": {
            "id": "rg-CP-Test-",
            "keepers": null,
            "length": 2,
            "prefix": "rg",
            "separator": "-"
          }
        }
      ]
    }
  ]
}
